{
  "name": "quant_model",
  "lockfileVersion": 3,
  "requires": true,
  "packages": {
    "": {
      "dependencies": {
        "agent-teams": "^0.0.1"
      }
    },
    "node_modules/agent-teams": {
      "version": "0.0.1",
      "resolved": "https://registry.npmjs.org/agent-teams/-/agent-teams-0.0.1.tgz",
      "integrity": "sha512-UWCN+yQMV98MMaY9hXj1IeRBkEm99q1XR/cebfMzjr/e8UquUAvFXCt2XZy8vYefWTw33EaFMJ1yI325FyKpgA==",
      "license": "SEE LICENSE IN NOTICE.md"
    }
  }
}
